
Microsoft Visual Studio Solution File, Format Version 12.00
# Visual Studio Version 16
VisualStudioVersion = 16.0.31129.286
MinimumVisualStudioVersion = 10.0.40219.1
Project("{FAE04EC0-301F-11D3-BF4B-00C04F79EFBC}") = "OtoparkSis", "OtoparkSis\OtoparkSis.csproj", "{63CBF1CC-6B8C-4740-9E87-E1B16A7AE725}"
EndProject
Project("{2150E333-8FDC-42A3-9474-1A3956D46DE8}") = "Solution Items", "Solution Items", "{62DEF4D2-8BF3-425E-ACA0-67A1E05357ED}"
	ProjectSection(SolutionItems) = preProject
		.editorconfig = .editorconfig
	EndProjectSection
EndProject
Global
	GlobalSection(SolutionConfigurationPlatforms) = preSolution
		Debug|Any CPU = Debug|Any CPU
		Release|Any CPU = Release|Any CPU
	EndGlobalSection
	GlobalSection(ProjectConfigurationPlatforms) = postSolution
		{63CBF1CC-6B8C-4740-9E87-E1B16A7AE725}.Debug|Any CPU.ActiveCfg = Debug|Any CPU
		{63CBF1CC-6B8C-4740-9E87-E1B16A7AE725}.Debug|Any CPU.Build.0 = Debug|Any CPU
		{63CBF1CC-6B8C-4740-9E87-E1B16A7AE725}.Release|Any CPU.ActiveCfg = Release|Any CPU
		{63CBF1CC-6B8C-4740-9E87-E1B16A7AE725}.Release|Any CPU.Build.0 = Release|Any CPU
	EndGlobalSection
	GlobalSection(SolutionProperties) = preSolution
		HideSolutionNode = FALSE
	EndGlobalSection
	GlobalSection(ExtensibilityGlobals) = postSolution
		SolutionGuid = {1BFA9FFA-6EF6-44C9-864B-457527E4598B}
	EndGlobalSection
EndGlobal
